
Microsoft Visual Studio Solution File, Format Version 12.00
# Visual Studio Version 17
VisualStudioVersion = 17.0.31903.59
MinimumVisualStudioVersion = 10.0.40219.1
Project("{FAE04EC0-301F-11D3-BF4B-00C04F79EFBC}") = "Exercise1", "Exercise1\Exercise1.csproj", "{F8DE5E0F-2B8E-4740-90A7-7AF904B3FBD2}"
EndProject
Project("{FAE04EC0-301F-11D3-BF4B-00C04F79EFBC}") = "Exercise2", "Exercise2\Exercise2.csproj", "{990A7482-573D-4A0D-B51C-3DF2B2196A8A}"
EndProject
Project("{FAE04EC0-301F-11D3-BF4B-00C04F79EFBC}") = "Exercise4", "Exercise4\Exercise4.csproj", "{CCA47F71-40AE-4B2C-98E1-A4433D04FE7A}"
EndProject
Project("{FAE04EC0-301F-11D3-BF4B-00C04F79EFBC}") = "Test", "Test\Test.csproj", "{6E5E8B39-8CFE-4C97-88D7-6EF558EBA8E3}"
EndProject
Project("{9A19103F-16F7-4668-BE54-9A1E7A4F7556}") = "Exercise3", "Exercise3\Exercise3.csproj", "{1F3054BF-A116-4469-B0DC-7027896CE849}"
EndProject
Project("{FAE04EC0-301F-11D3-BF4B-00C04F79EFBC}") = "Exercise5", "Exercise5\Exercise5.csproj", "{F071100A-E171-4312-80E3-EF9D7C26211F}"
EndProject
Project("{FAE04EC0-301F-11D3-BF4B-00C04F79EFBC}") = "Exercise6", "Exercise6\Exercise6.csproj", "{C90CA02E-EEFE-425F-82D8-1B3CD9E87D8C}"
EndProject
Project("{FAE04EC0-301F-11D3-BF4B-00C04F79EFBC}") = "Exercise7", "Exercise7\Exercise7.csproj", "{D5362058-2CB9-41A9-A1A9-022818B6FE52}"
EndProject
Project("{FAE04EC0-301F-11D3-BF4B-00C04F79EFBC}") = "Exercise8", "Exercise8\Exercise8.csproj", "{F5F5D946-4D72-4863-86A8-741378F2F0B8}"
EndProject
Project("{FAE04EC0-301F-11D3-BF4B-00C04F79EFBC}") = "Exercise9", "Exercise9\Exercise9.csproj", "{537C98D0-19A6-4422-BB80-077F265CC5EF}"
EndProject
Global
	GlobalSection(SolutionConfigurationPlatforms) = preSolution
		Debug|Any CPU = Debug|Any CPU
		Release|Any CPU = Release|Any CPU
	EndGlobalSection
	GlobalSection(ProjectConfigurationPlatforms) = postSolution
		{F8DE5E0F-2B8E-4740-90A7-7AF904B3FBD2}.Debug|Any CPU.ActiveCfg = Debug|Any CPU
		{F8DE5E0F-2B8E-4740-90A7-7AF904B3FBD2}.Debug|Any CPU.Build.0 = Debug|Any CPU
		{F8DE5E0F-2B8E-4740-90A7-7AF904B3FBD2}.Release|Any CPU.ActiveCfg = Release|Any CPU
		{F8DE5E0F-2B8E-4740-90A7-7AF904B3FBD2}.Release|Any CPU.Build.0 = Release|Any CPU
		{990A7482-573D-4A0D-B51C-3DF2B2196A8A}.Debug|Any CPU.ActiveCfg = Debug|Any CPU
		{990A7482-573D-4A0D-B51C-3DF2B2196A8A}.Debug|Any CPU.Build.0 = Debug|Any CPU
		{990A7482-573D-4A0D-B51C-3DF2B2196A8A}.Release|Any CPU.ActiveCfg = Release|Any CPU
		{990A7482-573D-4A0D-B51C-3DF2B2196A8A}.Release|Any CPU.Build.0 = Release|Any CPU
		{CCA47F71-40AE-4B2C-98E1-A4433D04FE7A}.Debug|Any CPU.ActiveCfg = Debug|Any CPU
		{CCA47F71-40AE-4B2C-98E1-A4433D04FE7A}.Debug|Any CPU.Build.0 = Debug|Any CPU
		{CCA47F71-40AE-4B2C-98E1-A4433D04FE7A}.Release|Any CPU.ActiveCfg = Release|Any CPU
		{CCA47F71-40AE-4B2C-98E1-A4433D04FE7A}.Release|Any CPU.Build.0 = Release|Any CPU
		{6E5E8B39-8CFE-4C97-88D7-6EF558EBA8E3}.Debug|Any CPU.ActiveCfg = Debug|Any CPU
		{6E5E8B39-8CFE-4C97-88D7-6EF558EBA8E3}.Debug|Any CPU.Build.0 = Debug|Any CPU
		{6E5E8B39-8CFE-4C97-88D7-6EF558EBA8E3}.Release|Any CPU.ActiveCfg = Release|Any CPU
		{6E5E8B39-8CFE-4C97-88D7-6EF558EBA8E3}.Release|Any CPU.Build.0 = Release|Any CPU
		{1F3054BF-A116-4469-B0DC-7027896CE849}.Debug|Any CPU.ActiveCfg = Debug|Any CPU
		{1F3054BF-A116-4469-B0DC-7027896CE849}.Debug|Any CPU.Build.0 = Debug|Any CPU
		{1F3054BF-A116-4469-B0DC-7027896CE849}.Release|Any CPU.ActiveCfg = Release|Any CPU
		{1F3054BF-A116-4469-B0DC-7027896CE849}.Release|Any CPU.Build.0 = Release|Any CPU
		{F071100A-E171-4312-80E3-EF9D7C26211F}.Debug|Any CPU.ActiveCfg = Debug|Any CPU
		{F071100A-E171-4312-80E3-EF9D7C26211F}.Debug|Any CPU.Build.0 = Debug|Any CPU
		{F071100A-E171-4312-80E3-EF9D7C26211F}.Release|Any CPU.ActiveCfg = Release|Any CPU
		{F071100A-E171-4312-80E3-EF9D7C26211F}.Release|Any CPU.Build.0 = Release|Any CPU
		{C90CA02E-EEFE-425F-82D8-1B3CD9E87D8C}.Debug|Any CPU.ActiveCfg = Debug|Any CPU
		{C90CA02E-EEFE-425F-82D8-1B3CD9E87D8C}.Debug|Any CPU.Build.0 = Debug|Any CPU
		{C90CA02E-EEFE-425F-82D8-1B3CD9E87D8C}.Release|Any CPU.ActiveCfg = Release|Any CPU
		{C90CA02E-EEFE-425F-82D8-1B3CD9E87D8C}.Release|Any CPU.Build.0 = Release|Any CPU
		{D5362058-2CB9-41A9-A1A9-022818B6FE52}.Debug|Any CPU.ActiveCfg = Debug|Any CPU
		{D5362058-2CB9-41A9-A1A9-022818B6FE52}.Debug|Any CPU.Build.0 = Debug|Any CPU
		{D5362058-2CB9-41A9-A1A9-022818B6FE52}.Release|Any CPU.ActiveCfg = Release|Any CPU
		{D5362058-2CB9-41A9-A1A9-022818B6FE52}.Release|Any CPU.Build.0 = Release|Any CPU
		{F5F5D946-4D72-4863-86A8-741378F2F0B8}.Debug|Any CPU.ActiveCfg = Debug|Any CPU
		{F5F5D946-4D72-4863-86A8-741378F2F0B8}.Debug|Any CPU.Build.0 = Debug|Any CPU
		{F5F5D946-4D72-4863-86A8-741378F2F0B8}.Release|Any CPU.ActiveCfg = Release|Any CPU
		{F5F5D946-4D72-4863-86A8-741378F2F0B8}.Release|Any CPU.Build.0 = Release|Any CPU
		{537C98D0-19A6-4422-BB80-077F265CC5EF}.Debug|Any CPU.ActiveCfg = Debug|Any CPU
		{537C98D0-19A6-4422-BB80-077F265CC5EF}.Debug|Any CPU.Build.0 = Debug|Any CPU
		{537C98D0-19A6-4422-BB80-077F265CC5EF}.Release|Any CPU.ActiveCfg = Release|Any CPU
		{537C98D0-19A6-4422-BB80-077F265CC5EF}.Release|Any CPU.Build.0 = Release|Any CPU
	EndGlobalSection
	GlobalSection(SolutionProperties) = preSolution
		HideSolutionNode = FALSE
	EndGlobalSection
	GlobalSection(ExtensibilityGlobals) = postSolution
		SolutionGuid = {9E2B805A-E209-4714-AE87-3C7317951F1D}
	EndGlobalSection
EndGlobal
