
Microsoft Visual Studio Solution File, Format Version 12.00
# Visual Studio Version 17
VisualStudioVersion = 17.0.31903.59
MinimumVisualStudioVersion = 10.0.40219.1
Project("{FAE04EC0-301F-11D3-BF4B-00C04F79EFBC}") = "Account", "Account\Account.csproj", "{A78CD5DF-1FF9-4A14-A78F-7AED668C98A4}"
EndProject
Project("{FAE04EC0-301F-11D3-BF4B-00C04F79EFBC}") = "BankAccount", "BankAccount\BankAccount.csproj", "{4A462DDE-D798-4818-BB68-2116834B0035}"
EndProject
Project("{FAE04EC0-301F-11D3-BF4B-00C04F79EFBC}") = "EnergyDrinks", "EnergyDrinks\EnergyDrinks.csproj", "{7FCC007C-DD8E-40D3-9080-690E3A5BCACE}"
EndProject
Project("{FAE04EC0-301F-11D3-BF4B-00C04F79EFBC}") = "FuelConsumptionCalculator", "FuelConsumptionCalculator\FuelConsumptionCalculator.csproj", "{8CFA0561-C4D0-4419-AC65-C90E0AF2C6FC}"
EndProject
Project("{FAE04EC0-301F-11D3-BF4B-00C04F79EFBC}") = "VideoStore", "VideoStore\VideoStore.csproj", "{40352489-4287-4C39-879A-55BB1A9ED983}"
EndProject
Project("{FAE04EC0-301F-11D3-BF4B-00C04F79EFBC}") = "tictactoe", "tictactoe\tictactoe.csproj", "{4043D09D-3263-45E8-AD12-E9F40BC370A0}"
EndProject
Project("{FAE04EC0-301F-11D3-BF4B-00C04F79EFBC}") = "TaxableExample", "TaxableExample\TaxableExample.csproj", "{B12BD80F-9F42-4167-8054-A635CFAE08F6}"
EndProject
Project("{9A19103F-16F7-4668-BE54-9A1E7A4F7556}") = "Exercise1", "Exercise1\Exercise1.csproj", "{D0620293-3532-4E4A-8427-236395D3948C}"
EndProject
Project("{9A19103F-16F7-4668-BE54-9A1E7A4F7556}") = "Exercise3_", "Exercise3_\Exercise3_.csproj", "{81A41D99-41CB-4620-9EDD-D6D423C75913}"
EndProject
Project("{9A19103F-16F7-4668-BE54-9A1E7A4F7556}") = "Exercise4", "Exercise4\Exercise4.csproj", "{6F8AF202-AB25-4A75-80DC-757CDFBFBE2A}"
EndProject
Project("{9A19103F-16F7-4668-BE54-9A1E7A4F7556}") = "Exercise5", "Exercise5\Exercise5.csproj", "{65816CFC-FF39-413B-B0BC-E6BBBAF4C048}"
EndProject
Project("{9A19103F-16F7-4668-BE54-9A1E7A4F7556}") = "DogTest", "DogTest\DogTest.csproj", "{93F37DB7-98B6-4D80-9E26-F5C784806FCE}"
EndProject
Project("{9A19103F-16F7-4668-BE54-9A1E7A4F7556}") = "Exercise8", "Exercise8\Exercise8.csproj", "{7ECF2C57-5108-4686-8588-AD14981FD8C1}"
EndProject
Project("{9A19103F-16F7-4668-BE54-9A1E7A4F7556}") = "Exercise9", "Exercise9\Exercise9.csproj", "{73E9B2CC-60BF-45D0-9D1C-75B5852A93D6}"
EndProject
Project("{FAE04EC0-301F-11D3-BF4B-00C04F79EFBC}") = "Exercise1.Tests", "Exercise1.Tests\Exercise1.Tests.csproj", "{22917213-7026-42B5-ACF5-64949DAE4404}"
EndProject
Project("{FAE04EC0-301F-11D3-BF4B-00C04F79EFBC}") = "Exercise5.Tests", "Exercise5.Tests\Exercise5.Tests.csproj", "{9539DA66-74EC-4F35-A0D5-C02F19453889}"
EndProject
Project("{FAE04EC0-301F-11D3-BF4B-00C04F79EFBC}") = "Account.Tests", "Account.Tests\Account.Tests.csproj", "{877F1B72-7DA3-432B-BB7D-9962306C83FB}"
EndProject
Global
	GlobalSection(SolutionConfigurationPlatforms) = preSolution
		Debug|Any CPU = Debug|Any CPU
		Release|Any CPU = Release|Any CPU
	EndGlobalSection
	GlobalSection(ProjectConfigurationPlatforms) = postSolution
		{A78CD5DF-1FF9-4A14-A78F-7AED668C98A4}.Debug|Any CPU.ActiveCfg = Debug|Any CPU
		{A78CD5DF-1FF9-4A14-A78F-7AED668C98A4}.Debug|Any CPU.Build.0 = Debug|Any CPU
		{A78CD5DF-1FF9-4A14-A78F-7AED668C98A4}.Release|Any CPU.ActiveCfg = Release|Any CPU
		{A78CD5DF-1FF9-4A14-A78F-7AED668C98A4}.Release|Any CPU.Build.0 = Release|Any CPU
		{4A462DDE-D798-4818-BB68-2116834B0035}.Debug|Any CPU.ActiveCfg = Debug|Any CPU
		{4A462DDE-D798-4818-BB68-2116834B0035}.Debug|Any CPU.Build.0 = Debug|Any CPU
		{4A462DDE-D798-4818-BB68-2116834B0035}.Release|Any CPU.ActiveCfg = Release|Any CPU
		{4A462DDE-D798-4818-BB68-2116834B0035}.Release|Any CPU.Build.0 = Release|Any CPU
		{7FCC007C-DD8E-40D3-9080-690E3A5BCACE}.Debug|Any CPU.ActiveCfg = Debug|Any CPU
		{7FCC007C-DD8E-40D3-9080-690E3A5BCACE}.Debug|Any CPU.Build.0 = Debug|Any CPU
		{7FCC007C-DD8E-40D3-9080-690E3A5BCACE}.Release|Any CPU.ActiveCfg = Release|Any CPU
		{7FCC007C-DD8E-40D3-9080-690E3A5BCACE}.Release|Any CPU.Build.0 = Release|Any CPU
		{8CFA0561-C4D0-4419-AC65-C90E0AF2C6FC}.Debug|Any CPU.ActiveCfg = Debug|Any CPU
		{8CFA0561-C4D0-4419-AC65-C90E0AF2C6FC}.Debug|Any CPU.Build.0 = Debug|Any CPU
		{8CFA0561-C4D0-4419-AC65-C90E0AF2C6FC}.Release|Any CPU.ActiveCfg = Release|Any CPU
		{8CFA0561-C4D0-4419-AC65-C90E0AF2C6FC}.Release|Any CPU.Build.0 = Release|Any CPU
		{40352489-4287-4C39-879A-55BB1A9ED983}.Debug|Any CPU.ActiveCfg = Debug|Any CPU
		{40352489-4287-4C39-879A-55BB1A9ED983}.Debug|Any CPU.Build.0 = Debug|Any CPU
		{40352489-4287-4C39-879A-55BB1A9ED983}.Release|Any CPU.ActiveCfg = Release|Any CPU
		{40352489-4287-4C39-879A-55BB1A9ED983}.Release|Any CPU.Build.0 = Release|Any CPU
		{4043D09D-3263-45E8-AD12-E9F40BC370A0}.Debug|Any CPU.ActiveCfg = Debug|Any CPU
		{4043D09D-3263-45E8-AD12-E9F40BC370A0}.Debug|Any CPU.Build.0 = Debug|Any CPU
		{4043D09D-3263-45E8-AD12-E9F40BC370A0}.Release|Any CPU.ActiveCfg = Release|Any CPU
		{4043D09D-3263-45E8-AD12-E9F40BC370A0}.Release|Any CPU.Build.0 = Release|Any CPU
		{B12BD80F-9F42-4167-8054-A635CFAE08F6}.Debug|Any CPU.ActiveCfg = Debug|Any CPU
		{B12BD80F-9F42-4167-8054-A635CFAE08F6}.Debug|Any CPU.Build.0 = Debug|Any CPU
		{B12BD80F-9F42-4167-8054-A635CFAE08F6}.Release|Any CPU.ActiveCfg = Release|Any CPU
		{B12BD80F-9F42-4167-8054-A635CFAE08F6}.Release|Any CPU.Build.0 = Release|Any CPU
		{D0620293-3532-4E4A-8427-236395D3948C}.Debug|Any CPU.ActiveCfg = Debug|Any CPU
		{D0620293-3532-4E4A-8427-236395D3948C}.Debug|Any CPU.Build.0 = Debug|Any CPU
		{D0620293-3532-4E4A-8427-236395D3948C}.Release|Any CPU.ActiveCfg = Release|Any CPU
		{D0620293-3532-4E4A-8427-236395D3948C}.Release|Any CPU.Build.0 = Release|Any CPU
		{81A41D99-41CB-4620-9EDD-D6D423C75913}.Debug|Any CPU.ActiveCfg = Debug|Any CPU
		{81A41D99-41CB-4620-9EDD-D6D423C75913}.Debug|Any CPU.Build.0 = Debug|Any CPU
		{81A41D99-41CB-4620-9EDD-D6D423C75913}.Release|Any CPU.ActiveCfg = Release|Any CPU
		{81A41D99-41CB-4620-9EDD-D6D423C75913}.Release|Any CPU.Build.0 = Release|Any CPU
		{6F8AF202-AB25-4A75-80DC-757CDFBFBE2A}.Debug|Any CPU.ActiveCfg = Debug|Any CPU
		{6F8AF202-AB25-4A75-80DC-757CDFBFBE2A}.Debug|Any CPU.Build.0 = Debug|Any CPU
		{6F8AF202-AB25-4A75-80DC-757CDFBFBE2A}.Release|Any CPU.ActiveCfg = Release|Any CPU
		{6F8AF202-AB25-4A75-80DC-757CDFBFBE2A}.Release|Any CPU.Build.0 = Release|Any CPU
		{65816CFC-FF39-413B-B0BC-E6BBBAF4C048}.Debug|Any CPU.ActiveCfg = Debug|Any CPU
		{65816CFC-FF39-413B-B0BC-E6BBBAF4C048}.Debug|Any CPU.Build.0 = Debug|Any CPU
		{65816CFC-FF39-413B-B0BC-E6BBBAF4C048}.Release|Any CPU.ActiveCfg = Release|Any CPU
		{65816CFC-FF39-413B-B0BC-E6BBBAF4C048}.Release|Any CPU.Build.0 = Release|Any CPU
		{93F37DB7-98B6-4D80-9E26-F5C784806FCE}.Debug|Any CPU.ActiveCfg = Debug|Any CPU
		{93F37DB7-98B6-4D80-9E26-F5C784806FCE}.Debug|Any CPU.Build.0 = Debug|Any CPU
		{93F37DB7-98B6-4D80-9E26-F5C784806FCE}.Release|Any CPU.ActiveCfg = Release|Any CPU
		{93F37DB7-98B6-4D80-9E26-F5C784806FCE}.Release|Any CPU.Build.0 = Release|Any CPU
		{7ECF2C57-5108-4686-8588-AD14981FD8C1}.Debug|Any CPU.ActiveCfg = Debug|Any CPU
		{7ECF2C57-5108-4686-8588-AD14981FD8C1}.Debug|Any CPU.Build.0 = Debug|Any CPU
		{7ECF2C57-5108-4686-8588-AD14981FD8C1}.Release|Any CPU.ActiveCfg = Release|Any CPU
		{7ECF2C57-5108-4686-8588-AD14981FD8C1}.Release|Any CPU.Build.0 = Release|Any CPU
		{73E9B2CC-60BF-45D0-9D1C-75B5852A93D6}.Debug|Any CPU.ActiveCfg = Debug|Any CPU
		{73E9B2CC-60BF-45D0-9D1C-75B5852A93D6}.Debug|Any CPU.Build.0 = Debug|Any CPU
		{73E9B2CC-60BF-45D0-9D1C-75B5852A93D6}.Release|Any CPU.ActiveCfg = Release|Any CPU
		{73E9B2CC-60BF-45D0-9D1C-75B5852A93D6}.Release|Any CPU.Build.0 = Release|Any CPU
		{22917213-7026-42B5-ACF5-64949DAE4404}.Debug|Any CPU.ActiveCfg = Debug|Any CPU
		{22917213-7026-42B5-ACF5-64949DAE4404}.Debug|Any CPU.Build.0 = Debug|Any CPU
		{22917213-7026-42B5-ACF5-64949DAE4404}.Release|Any CPU.ActiveCfg = Release|Any CPU
		{22917213-7026-42B5-ACF5-64949DAE4404}.Release|Any CPU.Build.0 = Release|Any CPU
		{9539DA66-74EC-4F35-A0D5-C02F19453889}.Debug|Any CPU.ActiveCfg = Debug|Any CPU
		{9539DA66-74EC-4F35-A0D5-C02F19453889}.Debug|Any CPU.Build.0 = Debug|Any CPU
		{9539DA66-74EC-4F35-A0D5-C02F19453889}.Release|Any CPU.ActiveCfg = Release|Any CPU
		{9539DA66-74EC-4F35-A0D5-C02F19453889}.Release|Any CPU.Build.0 = Release|Any CPU
		{877F1B72-7DA3-432B-BB7D-9962306C83FB}.Debug|Any CPU.ActiveCfg = Debug|Any CPU
		{877F1B72-7DA3-432B-BB7D-9962306C83FB}.Debug|Any CPU.Build.0 = Debug|Any CPU
		{877F1B72-7DA3-432B-BB7D-9962306C83FB}.Release|Any CPU.ActiveCfg = Release|Any CPU
		{877F1B72-7DA3-432B-BB7D-9962306C83FB}.Release|Any CPU.Build.0 = Release|Any CPU
	EndGlobalSection
	GlobalSection(SolutionProperties) = preSolution
		HideSolutionNode = FALSE
	EndGlobalSection
	GlobalSection(ExtensibilityGlobals) = postSolution
		SolutionGuid = {57C5E787-AAEA-41CC-BD12-4A66023D0568}
	EndGlobalSection
EndGlobal
